
Microsoft Visual Studio Solution File, Format Version 12.00
# Visual Studio 2017
Project("{FAE04EC0-301F-11D3-BF4B-00C04F79EFBC}") = "WonderJamH2018", "WonderJamH2018.csproj", "{3680E23F-162D-6CC6-B28C-B98B3C6FA13D}"
EndProject
Project("{FAE04EC0-301F-11D3-BF4B-00C04F79EFBC}") = "WonderJamH2018.Editor", "WonderJamH2018.Editor.csproj", "{42FBD0CE-14BC-08AD-186A-E4C7DB2B1346}"
EndProject
Global
	GlobalSection(SolutionConfigurationPlatforms) = preSolution
		Debug|Any CPU = Debug|Any CPU
		Release|Any CPU = Release|Any CPU
	EndGlobalSection
	GlobalSection(ProjectConfigurationPlatforms) = postSolution
		{3680E23F-162D-6CC6-B28C-B98B3C6FA13D}.Debug|Any CPU.ActiveCfg = Debug|Any CPU
		{3680E23F-162D-6CC6-B28C-B98B3C6FA13D}.Debug|Any CPU.Build.0 = Debug|Any CPU
		{3680E23F-162D-6CC6-B28C-B98B3C6FA13D}.Release|Any CPU.ActiveCfg = Release|Any CPU
		{3680E23F-162D-6CC6-B28C-B98B3C6FA13D}.Release|Any CPU.Build.0 = Release|Any CPU
		{42FBD0CE-14BC-08AD-186A-E4C7DB2B1346}.Debug|Any CPU.ActiveCfg = Debug|Any CPU
		{42FBD0CE-14BC-08AD-186A-E4C7DB2B1346}.Debug|Any CPU.Build.0 = Debug|Any CPU
		{42FBD0CE-14BC-08AD-186A-E4C7DB2B1346}.Release|Any CPU.ActiveCfg = Release|Any CPU
		{42FBD0CE-14BC-08AD-186A-E4C7DB2B1346}.Release|Any CPU.Build.0 = Release|Any CPU
	EndGlobalSection
	GlobalSection(SolutionProperties) = preSolution
		HideSolutionNode = FALSE
	EndGlobalSection
EndGlobal
